
Microsoft Visual Studio Solution File, Format Version 12.00
# Visual Studio 14
VisualStudioVersion = 14.0.25123.0
MinimumVisualStudioVersion = 10.0.40219.1
Project("{FAE04EC0-301F-11D3-BF4B-00C04F79EFBC}") = "ICS_Task_1", "ICS_Task_1\ICS_Task_1.csproj", "{63383096-C720-47B4-B649-E8B942F5DB3B}"
EndProject
Project("{FAE04EC0-301F-11D3-BF4B-00C04F79EFBC}") = "UnitTestProject", "UnitTestProject\UnitTestProject.csproj", "{237BA4A3-F035-451C-981B-9F716A0A1919}"
EndProject
Global
	GlobalSection(SolutionConfigurationPlatforms) = preSolution
		Debug|Any CPU = Debug|Any CPU
		Release|Any CPU = Release|Any CPU
	EndGlobalSection
	GlobalSection(ProjectConfigurationPlatforms) = postSolution
		{63383096-C720-47B4-B649-E8B942F5DB3B}.Debug|Any CPU.ActiveCfg = Debug|Any CPU
		{63383096-C720-47B4-B649-E8B942F5DB3B}.Debug|Any CPU.Build.0 = Debug|Any CPU
		{63383096-C720-47B4-B649-E8B942F5DB3B}.Release|Any CPU.ActiveCfg = Release|Any CPU
		{63383096-C720-47B4-B649-E8B942F5DB3B}.Release|Any CPU.Build.0 = Release|Any CPU
		{237BA4A3-F035-451C-981B-9F716A0A1919}.Debug|Any CPU.ActiveCfg = Debug|Any CPU
		{237BA4A3-F035-451C-981B-9F716A0A1919}.Debug|Any CPU.Build.0 = Debug|Any CPU
		{237BA4A3-F035-451C-981B-9F716A0A1919}.Release|Any CPU.ActiveCfg = Release|Any CPU
		{237BA4A3-F035-451C-981B-9F716A0A1919}.Release|Any CPU.Build.0 = Release|Any CPU
	EndGlobalSection
	GlobalSection(SolutionProperties) = preSolution
		HideSolutionNode = FALSE
	EndGlobalSection
EndGlobal
